
Microsoft Visual Studio Solution File, Format Version 12.00
# Visual Studio Version 16
VisualStudioVersion = 16.0.31515.178
MinimumVisualStudioVersion = 10.0.40219.1
Project("{FAE04EC0-301F-11D3-BF4B-00C04F79EFBC}") = "MANDO.Android", "MANDO\MANDO.Android\MANDO.Android.csproj", "{7C024A78-D447-4983-ACE3-6837FC0EF497}"
EndProject
Project("{FAE04EC0-301F-11D3-BF4B-00C04F79EFBC}") = "MANDO.iOS", "MANDO\MANDO.iOS\MANDO.iOS.csproj", "{0742A26F-2661-492C-BD5D-D3B2739827B4}"
EndProject
Project("{FAE04EC0-301F-11D3-BF4B-00C04F79EFBC}") = "MANDO", "MANDO\MANDO\MANDO.csproj", "{6448A2B9-A5BD-4735-B0D3-7CC617554D7D}"
EndProject
Global
	GlobalSection(SolutionConfigurationPlatforms) = preSolution
		Debug|Any CPU = Debug|Any CPU
		Debug|iPhone = Debug|iPhone
		Debug|iPhoneSimulator = Debug|iPhoneSimulator
		Release|Any CPU = Release|Any CPU
		Release|iPhone = Release|iPhone
		Release|iPhoneSimulator = Release|iPhoneSimulator
	EndGlobalSection
	GlobalSection(ProjectConfigurationPlatforms) = postSolution
		{7C024A78-D447-4983-ACE3-6837FC0EF497}.Debug|Any CPU.ActiveCfg = Debug|Any CPU
		{7C024A78-D447-4983-ACE3-6837FC0EF497}.Debug|Any CPU.Build.0 = Debug|Any CPU
		{7C024A78-D447-4983-ACE3-6837FC0EF497}.Debug|Any CPU.Deploy.0 = Debug|Any CPU
		{7C024A78-D447-4983-ACE3-6837FC0EF497}.Debug|iPhone.ActiveCfg = Debug|Any CPU
		{7C024A78-D447-4983-ACE3-6837FC0EF497}.Debug|iPhone.Build.0 = Debug|Any CPU
		{7C024A78-D447-4983-ACE3-6837FC0EF497}.Debug|iPhone.Deploy.0 = Debug|Any CPU
		{7C024A78-D447-4983-ACE3-6837FC0EF497}.Debug|iPhoneSimulator.ActiveCfg = Debug|Any CPU
		{7C024A78-D447-4983-ACE3-6837FC0EF497}.Debug|iPhoneSimulator.Build.0 = Debug|Any CPU
		{7C024A78-D447-4983-ACE3-6837FC0EF497}.Debug|iPhoneSimulator.Deploy.0 = Debug|Any CPU
		{7C024A78-D447-4983-ACE3-6837FC0EF497}.Release|Any CPU.ActiveCfg = Release|Any CPU
		{7C024A78-D447-4983-ACE3-6837FC0EF497}.Release|Any CPU.Build.0 = Release|Any CPU
		{7C024A78-D447-4983-ACE3-6837FC0EF497}.Release|Any CPU.Deploy.0 = Release|Any CPU
		{7C024A78-D447-4983-ACE3-6837FC0EF497}.Release|iPhone.ActiveCfg = Release|Any CPU
		{7C024A78-D447-4983-ACE3-6837FC0EF497}.Release|iPhone.Build.0 = Release|Any CPU
		{7C024A78-D447-4983-ACE3-6837FC0EF497}.Release|iPhone.Deploy.0 = Release|Any CPU
		{7C024A78-D447-4983-ACE3-6837FC0EF497}.Release|iPhoneSimulator.ActiveCfg = Release|Any CPU
		{7C024A78-D447-4983-ACE3-6837FC0EF497}.Release|iPhoneSimulator.Build.0 = Release|Any CPU
		{7C024A78-D447-4983-ACE3-6837FC0EF497}.Release|iPhoneSimulator.Deploy.0 = Release|Any CPU
		{0742A26F-2661-492C-BD5D-D3B2739827B4}.Debug|Any CPU.ActiveCfg = Debug|iPhone
		{0742A26F-2661-492C-BD5D-D3B2739827B4}.Debug|Any CPU.Build.0 = Debug|iPhone
		{0742A26F-2661-492C-BD5D-D3B2739827B4}.Debug|Any CPU.Deploy.0 = Debug|iPhone
		{0742A26F-2661-492C-BD5D-D3B2739827B4}.Debug|iPhone.ActiveCfg = Debug|iPhone
		{0742A26F-2661-492C-BD5D-D3B2739827B4}.Debug|iPhone.Build.0 = Debug|iPhone
		{0742A26F-2661-492C-BD5D-D3B2739827B4}.Debug|iPhone.Deploy.0 = Debug|iPhone
		{0742A26F-2661-492C-BD5D-D3B2739827B4}.Debug|iPhoneSimulator.ActiveCfg = Debug|iPhoneSimulator
		{0742A26F-2661-492C-BD5D-D3B2739827B4}.Debug|iPhoneSimulator.Build.0 = Debug|iPhoneSimulator
		{0742A26F-2661-492C-BD5D-D3B2739827B4}.Debug|iPhoneSimulator.Deploy.0 = Debug|iPhoneSimulator
		{0742A26F-2661-492C-BD5D-D3B2739827B4}.Release|Any CPU.ActiveCfg = Release|iPhoneSimulator
		{0742A26F-2661-492C-BD5D-D3B2739827B4}.Release|Any CPU.Build.0 = Release|iPhoneSimulator
		{0742A26F-2661-492C-BD5D-D3B2739827B4}.Release|Any CPU.Deploy.0 = Release|iPhoneSimulator
		{0742A26F-2661-492C-BD5D-D3B2739827B4}.Release|iPhone.ActiveCfg = Release|iPhone
		{0742A26F-2661-492C-BD5D-D3B2739827B4}.Release|iPhone.Build.0 = Release|iPhone
		{0742A26F-2661-492C-BD5D-D3B2739827B4}.Release|iPhone.Deploy.0 = Release|iPhone
		{0742A26F-2661-492C-BD5D-D3B2739827B4}.Release|iPhoneSimulator.ActiveCfg = Release|iPhoneSimulator
		{0742A26F-2661-492C-BD5D-D3B2739827B4}.Release|iPhoneSimulator.Build.0 = Release|iPhoneSimulator
		{0742A26F-2661-492C-BD5D-D3B2739827B4}.Release|iPhoneSimulator.Deploy.0 = Release|iPhoneSimulator
		{6448A2B9-A5BD-4735-B0D3-7CC617554D7D}.Debug|Any CPU.ActiveCfg = Debug|Any CPU
		{6448A2B9-A5BD-4735-B0D3-7CC617554D7D}.Debug|Any CPU.Build.0 = Debug|Any CPU
		{6448A2B9-A5BD-4735-B0D3-7CC617554D7D}.Debug|Any CPU.Deploy.0 = Debug|Any CPU
		{6448A2B9-A5BD-4735-B0D3-7CC617554D7D}.Debug|iPhone.ActiveCfg = Debug|Any CPU
		{6448A2B9-A5BD-4735-B0D3-7CC617554D7D}.Debug|iPhone.Build.0 = Debug|Any CPU
		{6448A2B9-A5BD-4735-B0D3-7CC617554D7D}.Debug|iPhone.Deploy.0 = Debug|Any CPU
		{6448A2B9-A5BD-4735-B0D3-7CC617554D7D}.Debug|iPhoneSimulator.ActiveCfg = Debug|Any CPU
		{6448A2B9-A5BD-4735-B0D3-7CC617554D7D}.Debug|iPhoneSimulator.Build.0 = Debug|Any CPU
		{6448A2B9-A5BD-4735-B0D3-7CC617554D7D}.Debug|iPhoneSimulator.Deploy.0 = Debug|Any CPU
		{6448A2B9-A5BD-4735-B0D3-7CC617554D7D}.Release|Any CPU.ActiveCfg = Release|Any CPU
		{6448A2B9-A5BD-4735-B0D3-7CC617554D7D}.Release|Any CPU.Build.0 = Release|Any CPU
		{6448A2B9-A5BD-4735-B0D3-7CC617554D7D}.Release|Any CPU.Deploy.0 = Release|Any CPU
		{6448A2B9-A5BD-4735-B0D3-7CC617554D7D}.Release|iPhone.ActiveCfg = Release|Any CPU
		{6448A2B9-A5BD-4735-B0D3-7CC617554D7D}.Release|iPhone.Build.0 = Release|Any CPU
		{6448A2B9-A5BD-4735-B0D3-7CC617554D7D}.Release|iPhone.Deploy.0 = Release|Any CPU
		{6448A2B9-A5BD-4735-B0D3-7CC617554D7D}.Release|iPhoneSimulator.ActiveCfg = Release|Any CPU
		{6448A2B9-A5BD-4735-B0D3-7CC617554D7D}.Release|iPhoneSimulator.Build.0 = Release|Any CPU
		{6448A2B9-A5BD-4735-B0D3-7CC617554D7D}.Release|iPhoneSimulator.Deploy.0 = Release|Any CPU
	EndGlobalSection
	GlobalSection(SolutionProperties) = preSolution
		HideSolutionNode = FALSE
	EndGlobalSection
	GlobalSection(ExtensibilityGlobals) = postSolution
		SolutionGuid = {98E2B021-FE0B-43BA-89EC-DBD1432E09AA}
	EndGlobalSection
EndGlobal
